
Microsoft Visual Studio Solution File, Format Version 12.00
# Visual Studio Version 17
VisualStudioVersion = 17.14.36408.4
MinimumVisualStudioVersion = 10.0.40219.1
Project("{FAE04EC0-301F-11D3-BF4B-00C04F79EFBC}") = "ServiceCRM", "ServiceCRM.csproj", "{EB8DBADB-25D5-4140-86F6-C2DE554A2C3B}"
EndProject
Global
	GlobalSection(SolutionConfigurationPlatforms) = preSolution
		Debug|Any CPU = Debug|Any CPU
		Release|Any CPU = Release|Any CPU
	EndGlobalSection
	GlobalSection(ProjectConfigurationPlatforms) = postSolution
		{EB8DBADB-25D5-4140-86F6-C2DE554A2C3B}.Debug|Any CPU.ActiveCfg = Debug|Any CPU
		{EB8DBADB-25D5-4140-86F6-C2DE554A2C3B}.Debug|Any CPU.Build.0 = Debug|Any CPU
		{EB8DBADB-25D5-4140-86F6-C2DE554A2C3B}.Release|Any CPU.ActiveCfg = Release|Any CPU
		{EB8DBADB-25D5-4140-86F6-C2DE554A2C3B}.Release|Any CPU.Build.0 = Release|Any CPU
	EndGlobalSection
	GlobalSection(SolutionProperties) = preSolution
		HideSolutionNode = FALSE
	EndGlobalSection
	GlobalSection(ExtensibilityGlobals) = postSolution
		SolutionGuid = {A7271564-F64F-4E57-9752-94C288AA5FC8}
	EndGlobalSection
EndGlobal
